
Microsoft Visual Studio Solution File, Format Version 12.00
# Visual Studio Version 16
VisualStudioVersion = 16.0.31205.134
MinimumVisualStudioVersion = 10.0.40219.1
Project("{FAE04EC0-301F-11D3-BF4B-00C04F79EFBC}") = "EmployeeAttendance", "EmployeeAttendance.csproj", "{34AA9164-74CC-4A42-8D54-1223233B3AA2}"
EndProject
Global
	GlobalSection(SolutionConfigurationPlatforms) = preSolution
		Debug|Any CPU = Debug|Any CPU
		Release|Any CPU = Release|Any CPU
	EndGlobalSection
	GlobalSection(ProjectConfigurationPlatforms) = postSolution
		{34AA9164-74CC-4A42-8D54-1223233B3AA2}.Debug|Any CPU.ActiveCfg = Debug|Any CPU
		{34AA9164-74CC-4A42-8D54-1223233B3AA2}.Debug|Any CPU.Build.0 = Debug|Any CPU
		{34AA9164-74CC-4A42-8D54-1223233B3AA2}.Release|Any CPU.ActiveCfg = Release|Any CPU
		{34AA9164-74CC-4A42-8D54-1223233B3AA2}.Release|Any CPU.Build.0 = Release|Any CPU
	EndGlobalSection
	GlobalSection(SolutionProperties) = preSolution
		HideSolutionNode = FALSE
	EndGlobalSection
	GlobalSection(ExtensibilityGlobals) = postSolution
		SolutionGuid = {D6C604D9-1CD3-41DD-B7E2-7C92634EC463}
	EndGlobalSection
EndGlobal
